
Microsoft Visual Studio Solution File, Format Version 12.00
# Visual Studio Version 17
VisualStudioVersion = 17.7.34024.191
MinimumVisualStudioVersion = 10.0.40219.1
Project("{888888A0-9F3D-457C-B088-3A5042F75D52}") = "Dz2mo", "Dz2mo\Dz2mo.pyproj", "{F2ABE33D-9EBF-48AB-96EA-3021526CC9E5}"
EndProject
Global
	GlobalSection(SolutionConfigurationPlatforms) = preSolution
		Debug|Any CPU = Debug|Any CPU
		Release|Any CPU = Release|Any CPU
	EndGlobalSection
	GlobalSection(ProjectConfigurationPlatforms) = postSolution
		{F2ABE33D-9EBF-48AB-96EA-3021526CC9E5}.Debug|Any CPU.ActiveCfg = Debug|Any CPU
		{F2ABE33D-9EBF-48AB-96EA-3021526CC9E5}.Release|Any CPU.ActiveCfg = Release|Any CPU
	EndGlobalSection
	GlobalSection(SolutionProperties) = preSolution
		HideSolutionNode = FALSE
	EndGlobalSection
	GlobalSection(ExtensibilityGlobals) = postSolution
		SolutionGuid = {771CE0AD-8634-40C0-9D87-22AAE8E4F2E9}
	EndGlobalSection
EndGlobal
